
Microsoft Visual Studio Solution File, Format Version 12.00
# Visual Studio Version 17
VisualStudioVersion = 17.14.36414.22
MinimumVisualStudioVersion = 10.0.40219.1
Project("{2150E333-8FDC-42A3-9474-1A3956D46DE8}") = "Task0", "Task0", "{02EA681E-C7D8-13C7-8484-4AC65E1B71E8}"
EndProject
Project("{FAE04EC0-301F-11D3-BF4B-00C04F79EFBC}") = "Tyuiu.KuchukIA.Sprint6.Task0.V24.Lib", "Tyuiu.KuchukIA.Sprint6.Task0.V24.Lib\Tyuiu.KuchukIA.Sprint6.Task0.V24.Lib.csproj", "{BCC3AF14-1F1B-495F-A37F-83C5C8028028}"
EndProject
Project("{FAE04EC0-301F-11D3-BF4B-00C04F79EFBC}") = "Tyuiu.KuchukIA.Sprint6.Task0.V24.Test", "Tyuiu.KuchukIA.Sprint6.Task0.V24.Test\Tyuiu.KuchukIA.Sprint6.Task0.V24.Test.csproj", "{878E88E6-1B82-48F8-A2D2-4F38B0A4B656}"
EndProject
Project("{FAE04EC0-301F-11D3-BF4B-00C04F79EFBC}") = "Tyuiu.KuchukIA.Sprint6.Task0.V24", "Tyuiu.KuchukIA.Sprint6.Task0.V24\Tyuiu.KuchukIA.Sprint6.Task0.V24.csproj", "{CDB3D7FC-D965-4CB2-AED1-A8E9EFD083C7}"
EndProject
Project("{2150E333-8FDC-42A3-9474-1A3956D46DE8}") = "Task1", "Task1", "{F26032D4-DF0D-4267-A3C6-B03399C31DB8}"
EndProject
Project("{FAE04EC0-301F-11D3-BF4B-00C04F79EFBC}") = "Tyuiu.KuchukIA.Sprint6.Task1.V30.Lib", "Tyuiu.KuchukIA.Sprint6.Task1.V30.Lib\Tyuiu.KuchukIA.Sprint6.Task1.V30.Lib.csproj", "{F7CB201E-64F8-4DED-9FCB-B023EB7FF331}"
EndProject
Project("{FAE04EC0-301F-11D3-BF4B-00C04F79EFBC}") = "Tyuiu.KuchukIA.Sprint6.Task1.V30.Test", "Tyuiu.KuchukIA.Sprint6.Task1.V30.Test\Tyuiu.KuchukIA.Sprint6.Task1.V30.Test.csproj", "{B777AF42-D910-4BBA-934A-A0741A87AB63}"
EndProject
Project("{FAE04EC0-301F-11D3-BF4B-00C04F79EFBC}") = "Tyuiu.KuchukIA.Sprint6.Task1.V30", "Tyuiu.KuchukIA.Sprint6.Task1.V30\Tyuiu.KuchukIA.Sprint6.Task1.V30.csproj", "{BE2C9D15-F477-4C01-B225-92DA6060E735}"
EndProject
Project("{2150E333-8FDC-42A3-9474-1A3956D46DE8}") = "Task2", "Task2", "{224F7FB8-4FFD-415C-9262-2ABA7458D08B}"
EndProject
Project("{FAE04EC0-301F-11D3-BF4B-00C04F79EFBC}") = "Tyuiu.KuchukIA.Sprint6.Task2.V23.Lib", "Tyuiu.KuchukIA.Sprint6.Task2.V23.Lib\Tyuiu.KuchukIA.Sprint6.Task2.V23.Lib.csproj", "{B4D7A6E5-E48E-40F0-9C13-2F3E6C90202E}"
EndProject
Project("{FAE04EC0-301F-11D3-BF4B-00C04F79EFBC}") = "Tyuiu.KuchukIA.Sprint6.Task2.V23.Test", "Tyuiu.KuchukIA.Sprint6.Task2.V23.Test\Tyuiu.KuchukIA.Sprint6.Task2.V23.Test.csproj", "{3DBFE988-D6DB-4618-BA55-39ED13CA4C20}"
EndProject
Project("{FAE04EC0-301F-11D3-BF4B-00C04F79EFBC}") = "Tyuiu.KuchukIA.Sprint6.Task2.V23", "Tyuiu.KuchukIA.Sprint6.Task2.V23\Tyuiu.KuchukIA.Sprint6.Task2.V23.csproj", "{5F74B749-4DA1-4814-87E1-224E29982977}"
EndProject
Project("{2150E333-8FDC-42A3-9474-1A3956D46DE8}") = "Task3", "Task3", "{9AA2DF54-09AB-4F13-BA83-C27C74B87705}"
EndProject
Project("{FAE04EC0-301F-11D3-BF4B-00C04F79EFBC}") = "Tyuiu.KuchukIA.Sprint6.Task3.V24.Lib", "Tyuiu.KuchukIA.Sprint6.Task3.V24.Lib\Tyuiu.KuchukIA.Sprint6.Task3.V24.Lib.csproj", "{88ADF9E4-5496-41C2-AA73-F04761ED00F1}"
EndProject
Project("{FAE04EC0-301F-11D3-BF4B-00C04F79EFBC}") = "Tyuiu.KuchukIA.Sprint6.Task3.V24.Test", "Tyuiu.KuchukIA.Sprint6.Task3.V24.Test\Tyuiu.KuchukIA.Sprint6.Task3.V24.Test.csproj", "{05EF7C61-73C1-4BF2-AAB0-5833E51AB209}"
EndProject
Project("{FAE04EC0-301F-11D3-BF4B-00C04F79EFBC}") = "Tyuiu.KuchukIA.Sprint6.Task3.V24", "Tyuiu.KuchukIA.Sprint6.Task3.V24\Tyuiu.KuchukIA.Sprint6.Task3.V24.csproj", "{AC2C6F60-F83E-4682-9572-6D6708CB1C7A}"
EndProject
Project("{2150E333-8FDC-42A3-9474-1A3956D46DE8}") = "Task4", "Task4", "{03B91595-A1B9-40EF-9B39-D0E2A4DE9AF2}"
EndProject
Project("{FAE04EC0-301F-11D3-BF4B-00C04F79EFBC}") = "Tyuiu.KuchukIA.Sprint6.Task4.V23.Lib", "Tyuiu.KuchukIA.Sprint6.Task4.V23.Lib\Tyuiu.KuchukIA.Sprint6.Task4.V23.Lib.csproj", "{176F56F7-D682-45C0-9FD9-CC4DC3174BB8}"
EndProject
Project("{FAE04EC0-301F-11D3-BF4B-00C04F79EFBC}") = "Tyuiu.KuchukIA.Sprint6.Task4.V23.Test", "Tyuiu.KuchukIA.Sprint6.Task4.V23.Test\Tyuiu.KuchukIA.Sprint6.Task4.V23.Test.csproj", "{3D4ECEC7-4EC6-4524-A8CA-E99CDD8360A0}"
EndProject
Project("{FAE04EC0-301F-11D3-BF4B-00C04F79EFBC}") = "Tyuiu.KuchukIA.Sprint6.Task4.V23", "Tyuiu.KuchukIA.Sprint6.Task4.V23\Tyuiu.KuchukIA.Sprint6.Task4.V23.csproj", "{5E53D60A-6FC0-4D0C-B3C4-00E228A5257E}"
EndProject
Project("{2150E333-8FDC-42A3-9474-1A3956D46DE8}") = "Task5", "Task5", "{A62F4679-9628-4757-ABAE-FADB37BB29C0}"
EndProject
Project("{FAE04EC0-301F-11D3-BF4B-00C04F79EFBC}") = "Tyuiu.KuchukIA.Sprint6.Task5.V11.Lib", "Tyuiu.KuchukIA.Sprint6.Task5.V11.Lib\Tyuiu.KuchukIA.Sprint6.Task5.V11.Lib.csproj", "{D51674CA-7B86-4494-8652-A74BF10C33BA}"
EndProject
Project("{FAE04EC0-301F-11D3-BF4B-00C04F79EFBC}") = "Tyuiu.KuchukIA.Sprint6.Task5.V11.Test", "Tyuiu.KuchukIA.Sprint6.Task5.V11.Test\Tyuiu.KuchukIA.Sprint6.Task5.V11.Test.csproj", "{F6BF707C-27D5-4D4E-8C83-29B0304576C0}"
EndProject
Project("{FAE04EC0-301F-11D3-BF4B-00C04F79EFBC}") = "Tyuiu.KuchukIA.Sprint6.Task5.V11", "Tyuiu.KuchukIA.Sprint6.Task5.V11\Tyuiu.KuchukIA.Sprint6.Task5.V11.csproj", "{D160CA9D-F204-4DC3-B4C2-12FD0A7724A9}"
EndProject
Project("{2150E333-8FDC-42A3-9474-1A3956D46DE8}") = "Task6", "Task6", "{66241517-CFCC-4B61-BEA4-13776216DE8D}"
EndProject
Project("{FAE04EC0-301F-11D3-BF4B-00C04F79EFBC}") = "Tyuiu.KuchukIA.Sprint6.Task6.V11.Lib", "Tyuiu.KuchukIA.Sprint6.Task6.V11.Lib\Tyuiu.KuchukIA.Sprint6.Task6.V11.Lib.csproj", "{0AEE2678-C081-4306-B3EC-FEB93B1D48B2}"
EndProject
Project("{FAE04EC0-301F-11D3-BF4B-00C04F79EFBC}") = "Tyuiu.KuchukIA.Sprint6.Task6.V11.Test", "Tyuiu.KuchukIA.Sprint6.Task6.V11.Test\Tyuiu.KuchukIA.Sprint6.Task6.V11.Test.csproj", "{A50B436A-4618-4A27-99AE-8F2840FF9BFF}"
EndProject
Project("{FAE04EC0-301F-11D3-BF4B-00C04F79EFBC}") = "Tyuiu.KuchukIA.Sprint6.Task6.V11", "Tyuiu.KuchukIA.Sprint6.Task6.V11\Tyuiu.KuchukIA.Sprint6.Task6.V11.csproj", "{D0953FCE-7279-4AD1-B84E-6134B9034CDC}"
EndProject
Project("{2150E333-8FDC-42A3-9474-1A3956D46DE8}") = "Task7", "Task7", "{E8A8BE66-23C1-4F12-A5A8-2464C6528F52}"
EndProject
Project("{FAE04EC0-301F-11D3-BF4B-00C04F79EFBC}") = "Tyuiu.KuchukIA.Sprint6.Task7.V7.Lib", "Tyuiu.KuchukIA.Sprint6.Task7.V7.Lib\Tyuiu.KuchukIA.Sprint6.Task7.V7.Lib.csproj", "{C181B2C1-4903-4B9A-AAFD-65B7BD9D6E5E}"
EndProject
Project("{FAE04EC0-301F-11D3-BF4B-00C04F79EFBC}") = "Tyuiu.KuchukIA.Sprint6.Task7.V7.Test", "Tyuiu.KuchukIA.Sprint6.Task7.V7.Test\Tyuiu.KuchukIA.Sprint6.Task7.V7.Test.csproj", "{53AEAB75-8C2A-44C2-B896-B53CA634358B}"
EndProject
Project("{FAE04EC0-301F-11D3-BF4B-00C04F79EFBC}") = "Tyuiu.KuchukIA.Sprint6.Task7.V7", "Tyuiu.KuchukIA.Sprint6.Task7.V7\Tyuiu.KuchukIA.Sprint6.Task7.V7.csproj", "{125F13A4-4993-4B68-AE78-283975D7C19D}"
EndProject
Global
	GlobalSection(SolutionConfigurationPlatforms) = preSolution
		Debug|Any CPU = Debug|Any CPU
		Release|Any CPU = Release|Any CPU
	EndGlobalSection
	GlobalSection(ProjectConfigurationPlatforms) = postSolution
		{BCC3AF14-1F1B-495F-A37F-83C5C8028028}.Debug|Any CPU.ActiveCfg = Debug|Any CPU
		{BCC3AF14-1F1B-495F-A37F-83C5C8028028}.Debug|Any CPU.Build.0 = Debug|Any CPU
		{BCC3AF14-1F1B-495F-A37F-83C5C8028028}.Release|Any CPU.ActiveCfg = Release|Any CPU
		{BCC3AF14-1F1B-495F-A37F-83C5C8028028}.Release|Any CPU.Build.0 = Release|Any CPU
		{878E88E6-1B82-48F8-A2D2-4F38B0A4B656}.Debug|Any CPU.ActiveCfg = Debug|Any CPU
		{878E88E6-1B82-48F8-A2D2-4F38B0A4B656}.Debug|Any CPU.Build.0 = Debug|Any CPU
		{878E88E6-1B82-48F8-A2D2-4F38B0A4B656}.Release|Any CPU.ActiveCfg = Release|Any CPU
		{878E88E6-1B82-48F8-A2D2-4F38B0A4B656}.Release|Any CPU.Build.0 = Release|Any CPU
		{CDB3D7FC-D965-4CB2-AED1-A8E9EFD083C7}.Debug|Any CPU.ActiveCfg = Debug|Any CPU
		{CDB3D7FC-D965-4CB2-AED1-A8E9EFD083C7}.Debug|Any CPU.Build.0 = Debug|Any CPU
		{CDB3D7FC-D965-4CB2-AED1-A8E9EFD083C7}.Release|Any CPU.ActiveCfg = Release|Any CPU
		{CDB3D7FC-D965-4CB2-AED1-A8E9EFD083C7}.Release|Any CPU.Build.0 = Release|Any CPU
		{F7CB201E-64F8-4DED-9FCB-B023EB7FF331}.Debug|Any CPU.ActiveCfg = Debug|Any CPU
		{F7CB201E-64F8-4DED-9FCB-B023EB7FF331}.Debug|Any CPU.Build.0 = Debug|Any CPU
		{F7CB201E-64F8-4DED-9FCB-B023EB7FF331}.Release|Any CPU.ActiveCfg = Release|Any CPU
		{F7CB201E-64F8-4DED-9FCB-B023EB7FF331}.Release|Any CPU.Build.0 = Release|Any CPU
		{B777AF42-D910-4BBA-934A-A0741A87AB63}.Debug|Any CPU.ActiveCfg = Debug|Any CPU
		{B777AF42-D910-4BBA-934A-A0741A87AB63}.Debug|Any CPU.Build.0 = Debug|Any CPU
		{B777AF42-D910-4BBA-934A-A0741A87AB63}.Release|Any CPU.ActiveCfg = Release|Any CPU
		{B777AF42-D910-4BBA-934A-A0741A87AB63}.Release|Any CPU.Build.0 = Release|Any CPU
		{BE2C9D15-F477-4C01-B225-92DA6060E735}.Debug|Any CPU.ActiveCfg = Debug|Any CPU
		{BE2C9D15-F477-4C01-B225-92DA6060E735}.Debug|Any CPU.Build.0 = Debug|Any CPU
		{BE2C9D15-F477-4C01-B225-92DA6060E735}.Release|Any CPU.ActiveCfg = Release|Any CPU
		{BE2C9D15-F477-4C01-B225-92DA6060E735}.Release|Any CPU.Build.0 = Release|Any CPU
		{B4D7A6E5-E48E-40F0-9C13-2F3E6C90202E}.Debug|Any CPU.ActiveCfg = Debug|Any CPU
		{B4D7A6E5-E48E-40F0-9C13-2F3E6C90202E}.Debug|Any CPU.Build.0 = Debug|Any CPU
		{B4D7A6E5-E48E-40F0-9C13-2F3E6C90202E}.Release|Any CPU.ActiveCfg = Release|Any CPU
		{B4D7A6E5-E48E-40F0-9C13-2F3E6C90202E}.Release|Any CPU.Build.0 = Release|Any CPU
		{3DBFE988-D6DB-4618-BA55-39ED13CA4C20}.Debug|Any CPU.ActiveCfg = Debug|Any CPU
		{3DBFE988-D6DB-4618-BA55-39ED13CA4C20}.Debug|Any CPU.Build.0 = Debug|Any CPU
		{3DBFE988-D6DB-4618-BA55-39ED13CA4C20}.Release|Any CPU.ActiveCfg = Release|Any CPU
		{3DBFE988-D6DB-4618-BA55-39ED13CA4C20}.Release|Any CPU.Build.0 = Release|Any CPU
		{5F74B749-4DA1-4814-87E1-224E29982977}.Debug|Any CPU.ActiveCfg = Debug|Any CPU
		{5F74B749-4DA1-4814-87E1-224E29982977}.Debug|Any CPU.Build.0 = Debug|Any CPU
		{5F74B749-4DA1-4814-87E1-224E29982977}.Release|Any CPU.ActiveCfg = Release|Any CPU
		{5F74B749-4DA1-4814-87E1-224E29982977}.Release|Any CPU.Build.0 = Release|Any CPU
		{88ADF9E4-5496-41C2-AA73-F04761ED00F1}.Debug|Any CPU.ActiveCfg = Debug|Any CPU
		{88ADF9E4-5496-41C2-AA73-F04761ED00F1}.Debug|Any CPU.Build.0 = Debug|Any CPU
		{88ADF9E4-5496-41C2-AA73-F04761ED00F1}.Release|Any CPU.ActiveCfg = Release|Any CPU
		{88ADF9E4-5496-41C2-AA73-F04761ED00F1}.Release|Any CPU.Build.0 = Release|Any CPU
		{05EF7C61-73C1-4BF2-AAB0-5833E51AB209}.Debug|Any CPU.ActiveCfg = Debug|Any CPU
		{05EF7C61-73C1-4BF2-AAB0-5833E51AB209}.Debug|Any CPU.Build.0 = Debug|Any CPU
		{05EF7C61-73C1-4BF2-AAB0-5833E51AB209}.Release|Any CPU.ActiveCfg = Release|Any CPU
		{05EF7C61-73C1-4BF2-AAB0-5833E51AB209}.Release|Any CPU.Build.0 = Release|Any CPU
		{AC2C6F60-F83E-4682-9572-6D6708CB1C7A}.Debug|Any CPU.ActiveCfg = Debug|Any CPU
		{AC2C6F60-F83E-4682-9572-6D6708CB1C7A}.Debug|Any CPU.Build.0 = Debug|Any CPU
		{AC2C6F60-F83E-4682-9572-6D6708CB1C7A}.Release|Any CPU.ActiveCfg = Release|Any CPU
		{AC2C6F60-F83E-4682-9572-6D6708CB1C7A}.Release|Any CPU.Build.0 = Release|Any CPU
		{176F56F7-D682-45C0-9FD9-CC4DC3174BB8}.Debug|Any CPU.ActiveCfg = Debug|Any CPU
		{176F56F7-D682-45C0-9FD9-CC4DC3174BB8}.Debug|Any CPU.Build.0 = Debug|Any CPU
		{176F56F7-D682-45C0-9FD9-CC4DC3174BB8}.Release|Any CPU.ActiveCfg = Release|Any CPU
		{176F56F7-D682-45C0-9FD9-CC4DC3174BB8}.Release|Any CPU.Build.0 = Release|Any CPU
		{3D4ECEC7-4EC6-4524-A8CA-E99CDD8360A0}.Debug|Any CPU.ActiveCfg = Debug|Any CPU
		{3D4ECEC7-4EC6-4524-A8CA-E99CDD8360A0}.Debug|Any CPU.Build.0 = Debug|Any CPU
		{3D4ECEC7-4EC6-4524-A8CA-E99CDD8360A0}.Release|Any CPU.ActiveCfg = Release|Any CPU
		{3D4ECEC7-4EC6-4524-A8CA-E99CDD8360A0}.Release|Any CPU.Build.0 = Release|Any CPU
		{5E53D60A-6FC0-4D0C-B3C4-00E228A5257E}.Debug|Any CPU.ActiveCfg = Debug|Any CPU
		{5E53D60A-6FC0-4D0C-B3C4-00E228A5257E}.Debug|Any CPU.Build.0 = Debug|Any CPU
		{5E53D60A-6FC0-4D0C-B3C4-00E228A5257E}.Release|Any CPU.ActiveCfg = Release|Any CPU
		{5E53D60A-6FC0-4D0C-B3C4-00E228A5257E}.Release|Any CPU.Build.0 = Release|Any CPU
		{D51674CA-7B86-4494-8652-A74BF10C33BA}.Debug|Any CPU.ActiveCfg = Debug|Any CPU
		{D51674CA-7B86-4494-8652-A74BF10C33BA}.Debug|Any CPU.Build.0 = Debug|Any CPU
		{D51674CA-7B86-4494-8652-A74BF10C33BA}.Release|Any CPU.ActiveCfg = Release|Any CPU
		{D51674CA-7B86-4494-8652-A74BF10C33BA}.Release|Any CPU.Build.0 = Release|Any CPU
		{F6BF707C-27D5-4D4E-8C83-29B0304576C0}.Debug|Any CPU.ActiveCfg = Debug|Any CPU
		{F6BF707C-27D5-4D4E-8C83-29B0304576C0}.Debug|Any CPU.Build.0 = Debug|Any CPU
		{F6BF707C-27D5-4D4E-8C83-29B0304576C0}.Release|Any CPU.ActiveCfg = Release|Any CPU
		{F6BF707C-27D5-4D4E-8C83-29B0304576C0}.Release|Any CPU.Build.0 = Release|Any CPU
		{D160CA9D-F204-4DC3-B4C2-12FD0A7724A9}.Debug|Any CPU.ActiveCfg = Debug|Any CPU
		{D160CA9D-F204-4DC3-B4C2-12FD0A7724A9}.Debug|Any CPU.Build.0 = Debug|Any CPU
		{D160CA9D-F204-4DC3-B4C2-12FD0A7724A9}.Release|Any CPU.ActiveCfg = Release|Any CPU
		{D160CA9D-F204-4DC3-B4C2-12FD0A7724A9}.Release|Any CPU.Build.0 = Release|Any CPU
		{0AEE2678-C081-4306-B3EC-FEB93B1D48B2}.Debug|Any CPU.ActiveCfg = Debug|Any CPU
		{0AEE2678-C081-4306-B3EC-FEB93B1D48B2}.Debug|Any CPU.Build.0 = Debug|Any CPU
		{0AEE2678-C081-4306-B3EC-FEB93B1D48B2}.Release|Any CPU.ActiveCfg = Release|Any CPU
		{0AEE2678-C081-4306-B3EC-FEB93B1D48B2}.Release|Any CPU.Build.0 = Release|Any CPU
		{A50B436A-4618-4A27-99AE-8F2840FF9BFF}.Debug|Any CPU.ActiveCfg = Debug|Any CPU
		{A50B436A-4618-4A27-99AE-8F2840FF9BFF}.Debug|Any CPU.Build.0 = Debug|Any CPU
		{A50B436A-4618-4A27-99AE-8F2840FF9BFF}.Release|Any CPU.ActiveCfg = Release|Any CPU
		{A50B436A-4618-4A27-99AE-8F2840FF9BFF}.Release|Any CPU.Build.0 = Release|Any CPU
		{D0953FCE-7279-4AD1-B84E-6134B9034CDC}.Debug|Any CPU.ActiveCfg = Debug|Any CPU
		{D0953FCE-7279-4AD1-B84E-6134B9034CDC}.Debug|Any CPU.Build.0 = Debug|Any CPU
		{D0953FCE-7279-4AD1-B84E-6134B9034CDC}.Release|Any CPU.ActiveCfg = Release|Any CPU
		{D0953FCE-7279-4AD1-B84E-6134B9034CDC}.Release|Any CPU.Build.0 = Release|Any CPU
		{C181B2C1-4903-4B9A-AAFD-65B7BD9D6E5E}.Debug|Any CPU.ActiveCfg = Debug|Any CPU
		{C181B2C1-4903-4B9A-AAFD-65B7BD9D6E5E}.Debug|Any CPU.Build.0 = Debug|Any CPU
		{C181B2C1-4903-4B9A-AAFD-65B7BD9D6E5E}.Release|Any CPU.ActiveCfg = Release|Any CPU
		{C181B2C1-4903-4B9A-AAFD-65B7BD9D6E5E}.Release|Any CPU.Build.0 = Release|Any CPU
		{53AEAB75-8C2A-44C2-B896-B53CA634358B}.Debug|Any CPU.ActiveCfg = Debug|Any CPU
		{53AEAB75-8C2A-44C2-B896-B53CA634358B}.Debug|Any CPU.Build.0 = Debug|Any CPU
		{53AEAB75-8C2A-44C2-B896-B53CA634358B}.Release|Any CPU.ActiveCfg = Release|Any CPU
		{53AEAB75-8C2A-44C2-B896-B53CA634358B}.Release|Any CPU.Build.0 = Release|Any CPU
		{125F13A4-4993-4B68-AE78-283975D7C19D}.Debug|Any CPU.ActiveCfg = Debug|Any CPU
		{125F13A4-4993-4B68-AE78-283975D7C19D}.Debug|Any CPU.Build.0 = Debug|Any CPU
		{125F13A4-4993-4B68-AE78-283975D7C19D}.Release|Any CPU.ActiveCfg = Release|Any CPU
		{125F13A4-4993-4B68-AE78-283975D7C19D}.Release|Any CPU.Build.0 = Release|Any CPU
	EndGlobalSection
	GlobalSection(SolutionProperties) = preSolution
		HideSolutionNode = FALSE
	EndGlobalSection
	GlobalSection(NestedProjects) = preSolution
		{BCC3AF14-1F1B-495F-A37F-83C5C8028028} = {02EA681E-C7D8-13C7-8484-4AC65E1B71E8}
		{878E88E6-1B82-48F8-A2D2-4F38B0A4B656} = {02EA681E-C7D8-13C7-8484-4AC65E1B71E8}
		{CDB3D7FC-D965-4CB2-AED1-A8E9EFD083C7} = {02EA681E-C7D8-13C7-8484-4AC65E1B71E8}
		{F7CB201E-64F8-4DED-9FCB-B023EB7FF331} = {F26032D4-DF0D-4267-A3C6-B03399C31DB8}
		{B777AF42-D910-4BBA-934A-A0741A87AB63} = {F26032D4-DF0D-4267-A3C6-B03399C31DB8}
		{BE2C9D15-F477-4C01-B225-92DA6060E735} = {F26032D4-DF0D-4267-A3C6-B03399C31DB8}
		{B4D7A6E5-E48E-40F0-9C13-2F3E6C90202E} = {224F7FB8-4FFD-415C-9262-2ABA7458D08B}
		{3DBFE988-D6DB-4618-BA55-39ED13CA4C20} = {224F7FB8-4FFD-415C-9262-2ABA7458D08B}
		{5F74B749-4DA1-4814-87E1-224E29982977} = {224F7FB8-4FFD-415C-9262-2ABA7458D08B}
		{88ADF9E4-5496-41C2-AA73-F04761ED00F1} = {9AA2DF54-09AB-4F13-BA83-C27C74B87705}
		{05EF7C61-73C1-4BF2-AAB0-5833E51AB209} = {9AA2DF54-09AB-4F13-BA83-C27C74B87705}
		{AC2C6F60-F83E-4682-9572-6D6708CB1C7A} = {9AA2DF54-09AB-4F13-BA83-C27C74B87705}
		{176F56F7-D682-45C0-9FD9-CC4DC3174BB8} = {03B91595-A1B9-40EF-9B39-D0E2A4DE9AF2}
		{3D4ECEC7-4EC6-4524-A8CA-E99CDD8360A0} = {03B91595-A1B9-40EF-9B39-D0E2A4DE9AF2}
		{5E53D60A-6FC0-4D0C-B3C4-00E228A5257E} = {03B91595-A1B9-40EF-9B39-D0E2A4DE9AF2}
		{D51674CA-7B86-4494-8652-A74BF10C33BA} = {A62F4679-9628-4757-ABAE-FADB37BB29C0}
		{F6BF707C-27D5-4D4E-8C83-29B0304576C0} = {A62F4679-9628-4757-ABAE-FADB37BB29C0}
		{D160CA9D-F204-4DC3-B4C2-12FD0A7724A9} = {A62F4679-9628-4757-ABAE-FADB37BB29C0}
		{0AEE2678-C081-4306-B3EC-FEB93B1D48B2} = {66241517-CFCC-4B61-BEA4-13776216DE8D}
		{A50B436A-4618-4A27-99AE-8F2840FF9BFF} = {66241517-CFCC-4B61-BEA4-13776216DE8D}
		{D0953FCE-7279-4AD1-B84E-6134B9034CDC} = {66241517-CFCC-4B61-BEA4-13776216DE8D}
		{C181B2C1-4903-4B9A-AAFD-65B7BD9D6E5E} = {E8A8BE66-23C1-4F12-A5A8-2464C6528F52}
		{53AEAB75-8C2A-44C2-B896-B53CA634358B} = {E8A8BE66-23C1-4F12-A5A8-2464C6528F52}
		{125F13A4-4993-4B68-AE78-283975D7C19D} = {E8A8BE66-23C1-4F12-A5A8-2464C6528F52}
	EndGlobalSection
	GlobalSection(ExtensibilityGlobals) = postSolution
		SolutionGuid = {8776EC8D-EF7F-415D-AC6C-B79ADCD986F2}
	EndGlobalSection
EndGlobal
